
Microsoft Visual Studio Solution File, Format Version 12.00
Project("{FAE04EC0-301F-11D3-BF4B-00C04F79EFBC}") = "MarsRover", "MarsRover\MarsRover.csproj", "{0F3A894B-689F-446E-9362-45BFB41184FE}"
EndProject
Project("{FAE04EC0-301F-11D3-BF4B-00C04F79EFBC}") = "MarsRoverTest", "MarsRoverTest\MarsRoverTest.csproj", "{4D12F752-1C27-4074-A6DC-21B9EAB5A2D6}"
EndProject
Global
	GlobalSection(SolutionConfigurationPlatforms) = preSolution
		Debug|Any CPU = Debug|Any CPU
		Release|Any CPU = Release|Any CPU
	EndGlobalSection
	GlobalSection(ProjectConfigurationPlatforms) = postSolution
		{0F3A894B-689F-446E-9362-45BFB41184FE}.Debug|Any CPU.ActiveCfg = Debug|Any CPU
		{0F3A894B-689F-446E-9362-45BFB41184FE}.Debug|Any CPU.Build.0 = Debug|Any CPU
		{0F3A894B-689F-446E-9362-45BFB41184FE}.Release|Any CPU.ActiveCfg = Release|Any CPU
		{0F3A894B-689F-446E-9362-45BFB41184FE}.Release|Any CPU.Build.0 = Release|Any CPU
		{4D12F752-1C27-4074-A6DC-21B9EAB5A2D6}.Debug|Any CPU.ActiveCfg = Debug|Any CPU
		{4D12F752-1C27-4074-A6DC-21B9EAB5A2D6}.Debug|Any CPU.Build.0 = Debug|Any CPU
		{4D12F752-1C27-4074-A6DC-21B9EAB5A2D6}.Release|Any CPU.ActiveCfg = Release|Any CPU
		{4D12F752-1C27-4074-A6DC-21B9EAB5A2D6}.Release|Any CPU.Build.0 = Release|Any CPU
	EndGlobalSection
EndGlobal
